
Microsoft Visual Studio Solution File, Format Version 12.00
# Visual Studio 14
VisualStudioVersion = 14.0.23107.0
MinimumVisualStudioVersion = 10.0.40219.1
Project("{FAE04EC0-301F-11D3-BF4B-00C04F79EFBC}") = "Contactos", "Contactos\Contactos.csproj", "{FF104277-9121-4FBD-B80B-3DF4288F19A7}"
EndProject
Project("{FAE04EC0-301F-11D3-BF4B-00C04F79EFBC}") = "BLL", "BLL\BLL.csproj", "{C9F77BA4-F4FD-4AD4-BD6D-9EDCB484F319}"
EndProject
Project("{FAE04EC0-301F-11D3-BF4B-00C04F79EFBC}") = "DAL", "DAL\DAL.csproj", "{6F25F604-7430-4EC1-BDF2-98295F9FDF0D}"
EndProject
Global
	GlobalSection(SolutionConfigurationPlatforms) = preSolution
		Debug|Any CPU = Debug|Any CPU
		Release|Any CPU = Release|Any CPU
	EndGlobalSection
	GlobalSection(ProjectConfigurationPlatforms) = postSolution
		{FF104277-9121-4FBD-B80B-3DF4288F19A7}.Debug|Any CPU.ActiveCfg = Debug|Any CPU
		{FF104277-9121-4FBD-B80B-3DF4288F19A7}.Debug|Any CPU.Build.0 = Debug|Any CPU
		{FF104277-9121-4FBD-B80B-3DF4288F19A7}.Release|Any CPU.ActiveCfg = Release|Any CPU
		{FF104277-9121-4FBD-B80B-3DF4288F19A7}.Release|Any CPU.Build.0 = Release|Any CPU
		{C9F77BA4-F4FD-4AD4-BD6D-9EDCB484F319}.Debug|Any CPU.ActiveCfg = Debug|Any CPU
		{C9F77BA4-F4FD-4AD4-BD6D-9EDCB484F319}.Debug|Any CPU.Build.0 = Debug|Any CPU
		{C9F77BA4-F4FD-4AD4-BD6D-9EDCB484F319}.Release|Any CPU.ActiveCfg = Release|Any CPU
		{C9F77BA4-F4FD-4AD4-BD6D-9EDCB484F319}.Release|Any CPU.Build.0 = Release|Any CPU
		{6F25F604-7430-4EC1-BDF2-98295F9FDF0D}.Debug|Any CPU.ActiveCfg = Debug|Any CPU
		{6F25F604-7430-4EC1-BDF2-98295F9FDF0D}.Debug|Any CPU.Build.0 = Debug|Any CPU
		{6F25F604-7430-4EC1-BDF2-98295F9FDF0D}.Release|Any CPU.ActiveCfg = Release|Any CPU
		{6F25F604-7430-4EC1-BDF2-98295F9FDF0D}.Release|Any CPU.Build.0 = Release|Any CPU
	EndGlobalSection
	GlobalSection(SolutionProperties) = preSolution
		HideSolutionNode = FALSE
	EndGlobalSection
EndGlobal
